
Microsoft Visual Studio Solution File, Format Version 12.00
# Visual Studio 15
VisualStudioVersion = 15.0.27130.2036
MinimumVisualStudioVersion = 10.0.40219.1
Project("{FAE04EC0-301F-11D3-BF4B-00C04F79EFBC}") = "WindowsFormsApp1", "WindowsFormsApp1\WindowsFormsApp1.csproj", "{D1288C18-E4AB-494E-91CD-1287A626411D}"
EndProject
Global
	GlobalSection(SolutionConfigurationPlatforms) = preSolution
		Debug|Any CPU = Debug|Any CPU
		Release|Any CPU = Release|Any CPU
	EndGlobalSection
	GlobalSection(ProjectConfigurationPlatforms) = postSolution
		{D1288C18-E4AB-494E-91CD-1287A626411D}.Debug|Any CPU.ActiveCfg = Debug|Any CPU
		{D1288C18-E4AB-494E-91CD-1287A626411D}.Debug|Any CPU.Build.0 = Debug|Any CPU
		{D1288C18-E4AB-494E-91CD-1287A626411D}.Release|Any CPU.ActiveCfg = Release|Any CPU
		{D1288C18-E4AB-494E-91CD-1287A626411D}.Release|Any CPU.Build.0 = Release|Any CPU
	EndGlobalSection
	GlobalSection(SolutionProperties) = preSolution
		HideSolutionNode = FALSE
	EndGlobalSection
	GlobalSection(ExtensibilityGlobals) = postSolution
		SolutionGuid = {4640E415-ED5F-4873-82CF-5FEEEAAF053A}
	EndGlobalSection
EndGlobal
